
Microsoft Visual Studio Solution File, Format Version 12.00
# Visual Studio 15
Project("{FAE04EC0-301F-11D3-BF4B-00C04F79EFBC}") = "Assembly-CSharp", "Assembly-CSharp.csproj", "{C41ACA88-7385-7D96-7C0A-F14A89B3E6A7}"
EndProject
Project("{FAE04EC0-301F-11D3-BF4B-00C04F79EFBC}") = "Meryel.CodeAssist.Editor", "Meryel.CodeAssist.Editor.csproj", "{9F35ABBD-F216-E8B3-0E8D-611C6857AF03}"
EndProject
Global
	GlobalSection(SolutionConfigurationPlatforms) = preSolution
		Debug|Any CPU = Debug|Any CPU
		Release|Any CPU = Release|Any CPU
	EndGlobalSection
	GlobalSection(ProjectConfigurationPlatforms) = postSolution
		{C41ACA88-7385-7D96-7C0A-F14A89B3E6A7}.Debug|Any CPU.ActiveCfg = Debug|Any CPU
		{C41ACA88-7385-7D96-7C0A-F14A89B3E6A7}.Debug|Any CPU.Build.0 = Debug|Any CPU
		{C41ACA88-7385-7D96-7C0A-F14A89B3E6A7}.Release|Any CPU.ActiveCfg = Release|Any CPU
		{C41ACA88-7385-7D96-7C0A-F14A89B3E6A7}.Release|Any CPU.Build.0 = Release|Any CPU
		{9F35ABBD-F216-E8B3-0E8D-611C6857AF03}.Debug|Any CPU.ActiveCfg = Debug|Any CPU
		{9F35ABBD-F216-E8B3-0E8D-611C6857AF03}.Debug|Any CPU.Build.0 = Debug|Any CPU
		{9F35ABBD-F216-E8B3-0E8D-611C6857AF03}.Release|Any CPU.ActiveCfg = Release|Any CPU
		{9F35ABBD-F216-E8B3-0E8D-611C6857AF03}.Release|Any CPU.Build.0 = Release|Any CPU
	EndGlobalSection
	GlobalSection(SolutionProperties) = preSolution
		HideSolutionNode = FALSE
	EndGlobalSection
EndGlobal
